// !$*UTF8*$!
{
	archiveVersion = 1;
	classes = {
	};
	objectVersion = 52;
	objects = {

/* Begin PBXBuildFile section */
		990196D825C7FD2700FBCD1E /* HomeRouter.swift in Sources */ = {isa = PBXBuildFile; fileRef = 990196D725C7FD2700FBCD1E /* HomeRouter.swift */; };
		990196DE25C92B8B00FBCD1E /* ContentDetailMovieView.swift in Sources */ = {isa = PBXBuildFile; fileRef = 990196DD25C92B8B00FBCD1E /* ContentDetailMovieView.swift */; };
		990196E725C93A1800FBCD1E /* DetailMovieRouter.swift in Sources */ = {isa = PBXBuildFile; fileRef = 990196E625C93A1800FBCD1E /* DetailMovieRouter.swift */; };
		99122E4325CC5272002BB5A0 /* MovieCatalogTests.swift in Sources */ = {isa = PBXBuildFile; fileRef = 99122E4225CC5272002BB5A0 /* MovieCatalogTests.swift */; };
		991D417D25CE718900D91880 /* Home in Frameworks */ = {isa = PBXBuildFile; productRef = 991D417C25CE718900D91880 /* Home */; };
		991D418C25CEBCE700D91880 /* DetailMovie in Frameworks */ = {isa = PBXBuildFile; productRef = 991D418B25CEBCE700D91880 /* DetailMovie */; };
		991D419C25CEFA3700D91880 /* Favorite in Frameworks */ = {isa = PBXBuildFile; productRef = 991D419B25CEFA3700D91880 /* Favorite */; };
		994617FA25C44F860090CD03 /* RootTabView.swift in Sources */ = {isa = PBXBuildFile; fileRef = 994617F925C44F860090CD03 /* RootTabView.swift */; };
		9946180425C4511E0090CD03 /* MoviesView.swift in Sources */ = {isa = PBXBuildFile; fileRef = 9946180325C4511E0090CD03 /* MoviesView.swift */; };
		9946180825C4512D0090CD03 /* FavoriteView.swift in Sources */ = {isa = PBXBuildFile; fileRef = 9946180725C4512D0090CD03 /* FavoriteView.swift */; };
		9946180B25C4513B0090CD03 /* AccountView.swift in Sources */ = {isa = PBXBuildFile; fileRef = 9946180A25C4513B0090CD03 /* AccountView.swift */; };
		9946181825C5859E0090CD03 /* Injection.swift in Sources */ = {isa = PBXBuildFile; fileRef = 9946181725C5859E0090CD03 /* Injection.swift */; };
		997362E225C7BA95006D7185 /* DetailMovieView.swift in Sources */ = {isa = PBXBuildFile; fileRef = 997362E125C7BA95006D7185 /* DetailMovieView.swift */; };
		997CC36025C1437B0098ABA4 /* Core in Frameworks */ = {isa = PBXBuildFile; productRef = 997CC35F25C1437B0098ABA4 /* Core */; };
		9982CD0225CF0FCA003E59B9 /* FavoriteRouter.swift in Sources */ = {isa = PBXBuildFile; fileRef = 9982CD0125CF0FCA003E59B9 /* FavoriteRouter.swift */; };
		9982CD1925CF1DEB003E59B9 /* MovieCatalogUI in Frameworks */ = {isa = PBXBuildFile; productRef = 9982CD1825CF1DEB003E59B9 /* MovieCatalogUI */; };
		9985F29D25C3DF1E00FBB3C2 /* SDWebImageSwiftUI in Frameworks */ = {isa = PBXBuildFile; productRef = 9985F29C25C3DF1E00FBB3C2 /* SDWebImageSwiftUI */; };
		99FD25EE25C130CE00A61932 /* MovieApp.swift in Sources */ = {isa = PBXBuildFile; fileRef = 99FD25ED25C130CE00A61932 /* MovieApp.swift */; };
		99FD25F225C130D600A61932 /* Assets.xcassets in Resources */ = {isa = PBXBuildFile; fileRef = 99FD25F125C130D600A61932 /* Assets.xcassets */; };
		99FD25F525C130D600A61932 /* Preview Assets.xcassets in Resources */ = {isa = PBXBuildFile; fileRef = 99FD25F425C130D600A61932 /* Preview Assets.xcassets */; };
/* End PBXBuildFile section */

/* Begin PBXContainerItemProxy section */
		99122E4525CC5272002BB5A0 /* PBXContainerItemProxy */ = {
			isa = PBXContainerItemProxy;
			containerPortal = 99FD25E225C130CD00A61932 /* Project object */;
			proxyType = 1;
			remoteGlobalIDString = 99FD25E925C130CD00A61932;
			remoteInfo = "Movie Catalog";
		};
/* End PBXContainerItemProxy section */

/* Begin PBXFileReference section */
		990196D725C7FD2700FBCD1E /* HomeRouter.swift */ = {isa = PBXFileReference; lastKnownFileType = sourcecode.swift; path = HomeRouter.swift; sourceTree = "<group>"; };
		990196DD25C92B8B00FBCD1E /* ContentDetailMovieView.swift */ = {isa = PBXFileReference; lastKnownFileType = sourcecode.swift; path = ContentDetailMovieView.swift; sourceTree = "<group>"; };
		990196E625C93A1800FBCD1E /* DetailMovieRouter.swift */ = {isa = PBXFileReference; lastKnownFileType = sourcecode.swift; path = DetailMovieRouter.swift; sourceTree = "<group>"; };
		99122E4025CC5272002BB5A0 /* MovieCatalogTests.xctest */ = {isa = PBXFileReference; explicitFileType = wrapper.cfbundle; includeInIndex = 0; path = MovieCatalogTests.xctest; sourceTree = BUILT_PRODUCTS_DIR; };
		99122E4225CC5272002BB5A0 /* MovieCatalogTests.swift */ = {isa = PBXFileReference; lastKnownFileType = sourcecode.swift; path = MovieCatalogTests.swift; sourceTree = "<group>"; };
		99122E4425CC5272002BB5A0 /* Info.plist */ = {isa = PBXFileReference; lastKnownFileType = text.plist.xml; path = Info.plist; sourceTree = "<group>"; };
		991D417925CE717200D91880 /* Home */ = {isa = PBXFileReference; lastKnownFileType = folder; name = Home; path = Modules/Home; sourceTree = "<group>"; };
		991D418825CEBC9900D91880 /* DetailMovie */ = {isa = PBXFileReference; lastKnownFileType = folder; name = DetailMovie; path = Modules/DetailMovie; sourceTree = "<group>"; };
		991D419825CEF6A700D91880 /* Favorite */ = {isa = PBXFileReference; lastKnownFileType = folder; name = Favorite; path = Modules/Favorite; sourceTree = "<group>"; };
		994617F925C44F860090CD03 /* RootTabView.swift */ = {isa = PBXFileReference; lastKnownFileType = sourcecode.swift; path = RootTabView.swift; sourceTree = "<group>"; };
		9946180325C4511E0090CD03 /* MoviesView.swift */ = {isa = PBXFileReference; lastKnownFileType = sourcecode.swift; path = MoviesView.swift; sourceTree = "<group>"; };
		9946180725C4512D0090CD03 /* FavoriteView.swift */ = {isa = PBXFileReference; lastKnownFileType = sourcecode.swift; path = FavoriteView.swift; sourceTree = "<group>"; };
		9946180A25C4513B0090CD03 /* AccountView.swift */ = {isa = PBXFileReference; lastKnownFileType = sourcecode.swift; path = AccountView.swift; sourceTree = "<group>"; };
		9946181725C5859E0090CD03 /* Injection.swift */ = {isa = PBXFileReference; lastKnownFileType = sourcecode.swift; path = Injection.swift; sourceTree = "<group>"; };
		997362E125C7BA95006D7185 /* DetailMovieView.swift */ = {isa = PBXFileReference; lastKnownFileType = sourcecode.swift; path = DetailMovieView.swift; sourceTree = "<group>"; };
		997CC36B25C1447C0098ABA4 /* .swiftlint.yml */ = {isa = PBXFileReference; lastKnownFileType = text.yaml; path = .swiftlint.yml; sourceTree = "<group>"; };
		9982CD0125CF0FCA003E59B9 /* FavoriteRouter.swift */ = {isa = PBXFileReference; lastKnownFileType = sourcecode.swift; path = FavoriteRouter.swift; sourceTree = "<group>"; };
		99FD25EA25C130CD00A61932 /* Movie Catalog.app */ = {isa = PBXFileReference; explicitFileType = wrapper.application; includeInIndex = 0; path = "Movie Catalog.app"; sourceTree = BUILT_PRODUCTS_DIR; };
		99FD25ED25C130CE00A61932 /* MovieApp.swift */ = {isa = PBXFileReference; lastKnownFileType = sourcecode.swift; path = MovieApp.swift; sourceTree = "<group>"; };
		99FD25F125C130D600A61932 /* Assets.xcassets */ = {isa = PBXFileReference; lastKnownFileType = folder.assetcatalog; path = Assets.xcassets; sourceTree = "<group>"; };
		99FD25F425C130D600A61932 /* Preview Assets.xcassets */ = {isa = PBXFileReference; lastKnownFileType = folder.assetcatalog; path = "Preview Assets.xcassets"; sourceTree = "<group>"; };
		99FD25F625C130D600A61932 /* Info.plist */ = {isa = PBXFileReference; lastKnownFileType = text.plist.xml; path = Info.plist; sourceTree = "<group>"; };
		99FD25FD25C1312B00A61932 /* Core */ = {isa = PBXFileReference; lastKnownFileType = folder; name = Core; path = Modules/Core; sourceTree = "<group>"; };
/* End PBXFileReference section */

/* Begin PBXFrameworksBuildPhase section */
		99122E3D25CC5272002BB5A0 /* Frameworks */ = {
			isa = PBXFrameworksBuildPhase;
			buildActionMask = 2147483647;
			files = (
			);
			runOnlyForDeploymentPostprocessing = 0;
		};
		99FD25E725C130CD00A61932 /* Frameworks */ = {
			isa = PBXFrameworksBuildPhase;
			buildActionMask = 2147483647;
			files = (
				991D418C25CEBCE700D91880 /* DetailMovie in Frameworks */,
				9985F29D25C3DF1E00FBB3C2 /* SDWebImageSwiftUI in Frameworks */,
				997CC36025C1437B0098ABA4 /* Core in Frameworks */,
				991D417D25CE718900D91880 /* Home in Frameworks */,
				991D419C25CEFA3700D91880 /* Favorite in Frameworks */,
				9982CD1925CF1DEB003E59B9 /* MovieCatalogUI in Frameworks */,
			);
			runOnlyForDeploymentPostprocessing = 0;
		};
/* End PBXFrameworksBuildPhase section */

/* Begin PBXGroup section */
		990196D525C7FCFF00FBCD1E /* Router */ = {
			isa = PBXGroup;
			children = (
				990196D725C7FD2700FBCD1E /* HomeRouter.swift */,
			);
			path = Router;
			sourceTree = "<group>";
		};
		990196D625C7FD0400FBCD1E /* View */ = {
			isa = PBXGroup;
			children = (
				9946180325C4511E0090CD03 /* MoviesView.swift */,
			);
			path = View;
			sourceTree = "<group>";
		};
		990196E025C92CDF00FBCD1E /* View */ = {
			isa = PBXGroup;
			children = (
				997362E125C7BA95006D7185 /* DetailMovieView.swift */,
				990196DD25C92B8B00FBCD1E /* ContentDetailMovieView.swift */,
			);
			path = View;
			sourceTree = "<group>";
		};
		990196E525C93A0C00FBCD1E /* Router */ = {
			isa = PBXGroup;
			children = (
				990196E625C93A1800FBCD1E /* DetailMovieRouter.swift */,
			);
			path = Router;
			sourceTree = "<group>";
		};
		99122E1A25CA9299002BB5A0 /* DI */ = {
			isa = PBXGroup;
			children = (
				9946181725C5859E0090CD03 /* Injection.swift */,
			);
			path = DI;
			sourceTree = "<group>";
		};
		99122E4125CC5272002BB5A0 /* MovieCatalogTests */ = {
			isa = PBXGroup;
			children = (
				99122E4225CC5272002BB5A0 /* MovieCatalogTests.swift */,
				99122E4425CC5272002BB5A0 /* Info.plist */,
			);
			path = MovieCatalogTests;
			sourceTree = "<group>";
		};
		994617F825C44F720090CD03 /* App */ = {
			isa = PBXGroup;
			children = (
				99FD25ED25C130CE00A61932 /* MovieApp.swift */,
				994617F925C44F860090CD03 /* RootTabView.swift */,
			);
			path = App;
			sourceTree = "<group>";
		};
		994617FF25C450F80090CD03 /* Home */ = {
			isa = PBXGroup;
			children = (
				990196D625C7FD0400FBCD1E /* View */,
				990196D525C7FCFF00FBCD1E /* Router */,
			);
			path = Home;
			sourceTree = "<group>";
		};
		9946180025C450FF0090CD03 /* Favorite */ = {
			isa = PBXGroup;
			children = (
				9982CD0025CF0FB8003E59B9 /* Router */,
				9946180725C4512D0090CD03 /* FavoriteView.swift */,
			);
			path = Favorite;
			sourceTree = "<group>";
		};
		9946180225C4510C0090CD03 /* Account */ = {
			isa = PBXGroup;
			children = (
				9946180A25C4513B0090CD03 /* AccountView.swift */,
			);
			path = Account;
			sourceTree = "<group>";
		};
		9946181625C585440090CD03 /* Core */ = {
			isa = PBXGroup;
			children = (
				99122E1A25CA9299002BB5A0 /* DI */,
			);
			path = Core;
			sourceTree = "<group>";
		};
		997362E025C7BA83006D7185 /* DetailMovie */ = {
			isa = PBXGroup;
			children = (
				990196E525C93A0C00FBCD1E /* Router */,
				990196E025C92CDF00FBCD1E /* View */,
			);
			path = DetailMovie;
			sourceTree = "<group>";
		};
		997CC35E25C1437B0098ABA4 /* Frameworks */ = {
			isa = PBXGroup;
			children = (
			);
			name = Frameworks;
			sourceTree = "<group>";
		};
		9982CD0025CF0FB8003E59B9 /* Router */ = {
			isa = PBXGroup;
			children = (
				9982CD0125CF0FCA003E59B9 /* FavoriteRouter.swift */,
			);
			path = Router;
			sourceTree = "<group>";
		};
		9985F2A325C4492100FBB3C2 /* Feature */ = {
			isa = PBXGroup;
			children = (
				997362E025C7BA83006D7185 /* DetailMovie */,
				9946180225C4510C0090CD03 /* Account */,
				9946180025C450FF0090CD03 /* Favorite */,
				994617FF25C450F80090CD03 /* Home */,
				994617F825C44F720090CD03 /* App */,
			);
			path = Feature;
			sourceTree = "<group>";
		};
		99FD25E125C130CD00A61932 = {
			isa = PBXGroup;
			children = (
				997CC36B25C1447C0098ABA4 /* .swiftlint.yml */,
				991D419825CEF6A700D91880 /* Favorite */,
				991D418825CEBC9900D91880 /* DetailMovie */,
				991D417925CE717200D91880 /* Home */,
				99FD25FD25C1312B00A61932 /* Core */,
				99FD25EC25C130CD00A61932 /* Movie Catalog */,
				99122E4125CC5272002BB5A0 /* MovieCatalogTests */,
				99FD25EB25C130CD00A61932 /* Products */,
				997CC35E25C1437B0098ABA4 /* Frameworks */,
			);
			sourceTree = "<group>";
		};
		99FD25EB25C130CD00A61932 /* Products */ = {
			isa = PBXGroup;
			children = (
				99FD25EA25C130CD00A61932 /* Movie Catalog.app */,
				99122E4025CC5272002BB5A0 /* MovieCatalogTests.xctest */,
			);
			name = Products;
			sourceTree = "<group>";
		};
		99FD25EC25C130CD00A61932 /* Movie Catalog */ = {
			isa = PBXGroup;
			children = (
				9946181625C585440090CD03 /* Core */,
				9985F2A325C4492100FBB3C2 /* Feature */,
				99FD25F125C130D600A61932 /* Assets.xcassets */,
				99FD25F625C130D600A61932 /* Info.plist */,
				99FD25F325C130D600A61932 /* Preview Content */,
			);
			path = "Movie Catalog";
			sourceTree = "<group>";
		};
		99FD25F325C130D600A61932 /* Preview Content */ = {
			isa = PBXGroup;
			children = (
				99FD25F425C130D600A61932 /* Preview Assets.xcassets */,
			);
			path = "Preview Content";
			sourceTree = "<group>";
		};
/* End PBXGroup section */

/* Begin PBXNativeTarget section */
		99122E3F25CC5272002BB5A0 /* MovieCatalogTests */ = {
			isa = PBXNativeTarget;
			buildConfigurationList = 99122E4925CC5272002BB5A0 /* Build configuration list for PBXNativeTarget "MovieCatalogTests" */;
			buildPhases = (
				99122E3C25CC5272002BB5A0 /* Sources */,
				99122E3D25CC5272002BB5A0 /* Frameworks */,
				99122E3E25CC5272002BB5A0 /* Resources */,
			);
			buildRules = (
			);
			dependencies = (
				99122E4625CC5272002BB5A0 /* PBXTargetDependency */,
			);
			name = MovieCatalogTests;
			productName = MovieCatalogTests;
			productReference = 99122E4025CC5272002BB5A0 /* MovieCatalogTests.xctest */;
			productType = "com.apple.product-type.bundle.unit-test";
		};
		99FD25E925C130CD00A61932 /* Movie Catalog */ = {
			isa = PBXNativeTarget;
			buildConfigurationList = 99FD25F925C130D600A61932 /* Build configuration list for PBXNativeTarget "Movie Catalog" */;
			buildPhases = (
				99FD25E625C130CD00A61932 /* Sources */,
				99FD25E725C130CD00A61932 /* Frameworks */,
				99FD25E825C130CD00A61932 /* Resources */,
				997CC36A25C1445A0098ABA4 /* SwiftLint */,
			);
			buildRules = (
			);
			dependencies = (
			);
			name = "Movie Catalog";
			packageProductDependencies = (
				997CC35F25C1437B0098ABA4 /* Core */,
				9985F29C25C3DF1E00FBB3C2 /* SDWebImageSwiftUI */,
				991D417C25CE718900D91880 /* Home */,
				991D418B25CEBCE700D91880 /* DetailMovie */,
				991D419B25CEFA3700D91880 /* Favorite */,
				9982CD1825CF1DEB003E59B9 /* MovieCatalogUI */,
			);
			productName = "Movie Catalog";
			productReference = 99FD25EA25C130CD00A61932 /* Movie Catalog.app */;
			productType = "com.apple.product-type.application";
		};
/* End PBXNativeTarget section */

/* Begin PBXProject section */
		99FD25E225C130CD00A61932 /* Project object */ = {
			isa = PBXProject;
			attributes = {
				LastSwiftUpdateCheck = 1230;
				LastUpgradeCheck = 1230;
				TargetAttributes = {
					99122E3F25CC5272002BB5A0 = {
						CreatedOnToolsVersion = 12.3;
						TestTargetID = 99FD25E925C130CD00A61932;
					};
					99FD25E925C130CD00A61932 = {
						CreatedOnToolsVersion = 12.3;
					};
				};
			};
			buildConfigurationList = 99FD25E525C130CD00A61932 /* Build configuration list for PBXProject "Movie Catalog" */;
			compatibilityVersion = "Xcode 9.3";
			developmentRegion = en;
			hasScannedForEncodings = 0;
			knownRegions = (
				en,
				Base,
			);
			mainGroup = 99FD25E125C130CD00A61932;
			packageReferences = (
				9985F29B25C3DF1E00FBB3C2 /* XCRemoteSwiftPackageReference "SDWebImageSwiftUI" */,
				9982CD1725CF1DEB003E59B9 /* XCRemoteSwiftPackageReference "MovieCatalogUI" */,
			);
			productRefGroup = 99FD25EB25C130CD00A61932 /* Products */;
			projectDirPath = "";
			projectRoot = "";
			targets = (
				99FD25E925C130CD00A61932 /* Movie Catalog */,
				99122E3F25CC5272002BB5A0 /* MovieCatalogTests */,
			);
		};
/* End PBXProject section */

/* Begin PBXResourcesBuildPhase section */
		99122E3E25CC5272002BB5A0 /* Resources */ = {
			isa = PBXResourcesBuildPhase;
			buildActionMask = 2147483647;
			files = (
			);
			runOnlyForDeploymentPostprocessing = 0;
		};
		99FD25E825C130CD00A61932 /* Resources */ = {
			isa = PBXResourcesBuildPhase;
			buildActionMask = 2147483647;
			files = (
				99FD25F525C130D600A61932 /* Preview Assets.xcassets in Resources */,
				99FD25F225C130D600A61932 /* Assets.xcassets in Resources */,
			);
			runOnlyForDeploymentPostprocessing = 0;
		};
/* End PBXResourcesBuildPhase section */

/* Begin PBXShellScriptBuildPhase section */
		997CC36A25C1445A0098ABA4 /* SwiftLint */ = {
			isa = PBXShellScriptBuildPhase;
			buildActionMask = 2147483647;
			files = (
			);
			inputFileListPaths = (
			);
			inputPaths = (
			);
			name = SwiftLint;
			outputFileListPaths = (
			);
			outputPaths = (
			);
			runOnlyForDeploymentPostprocessing = 0;
			shellPath = /bin/sh;
			shellScript = "# Type a script or drag a script file from your workspace to insert its path.\nif which swiftlint >/dev/null; then \n    swiftlint \nelse \n    echo \"warning: SwiftLint not installed, download from https://github.com/realm/SwiftLint\" \nfi\n";
		};
/* End PBXShellScriptBuildPhase section */

/* Begin PBXSourcesBuildPhase section */
		99122E3C25CC5272002BB5A0 /* Sources */ = {
			isa = PBXSourcesBuildPhase;
			buildActionMask = 2147483647;
			files = (
				99122E4325CC5272002BB5A0 /* MovieCatalogTests.swift in Sources */,
			);
			runOnlyForDeploymentPostprocessing = 0;
		};
		99FD25E625C130CD00A61932 /* Sources */ = {
			isa = PBXSourcesBuildPhase;
			buildActionMask = 2147483647;
			files = (
				997362E225C7BA95006D7185 /* DetailMovieView.swift in Sources */,
				9946181825C5859E0090CD03 /* Injection.swift in Sources */,
				9946180B25C4513B0090CD03 /* AccountView.swift in Sources */,
				994617FA25C44F860090CD03 /* RootTabView.swift in Sources */,
				9982CD0225CF0FCA003E59B9 /* FavoriteRouter.swift in Sources */,
				9946180425C4511E0090CD03 /* MoviesView.swift in Sources */,
				9946180825C4512D0090CD03 /* FavoriteView.swift in Sources */,
				990196DE25C92B8B00FBCD1E /* ContentDetailMovieView.swift in Sources */,
				99FD25EE25C130CE00A61932 /* MovieApp.swift in Sources */,
				990196E725C93A1800FBCD1E /* DetailMovieRouter.swift in Sources */,
				990196D825C7FD2700FBCD1E /* HomeRouter.swift in Sources */,
			);
			runOnlyForDeploymentPostprocessing = 0;
		};
/* End PBXSourcesBuildPhase section */

/* Begin PBXTargetDependency section */
		99122E4625CC5272002BB5A0 /* PBXTargetDependency */ = {
			isa = PBXTargetDependency;
			target = 99FD25E925C130CD00A61932 /* Movie Catalog */;
			targetProxy = 99122E4525CC5272002BB5A0 /* PBXContainerItemProxy */;
		};
/* End PBXTargetDependency section */

/* Begin XCBuildConfiguration section */
		99122E4725CC5272002BB5A0 /* Debug */ = {
			isa = XCBuildConfiguration;
			buildSettings = {
				BUNDLE_LOADER = "$(TEST_HOST)";
				CODE_SIGN_STYLE = Automatic;
				DEVELOPMENT_TEAM = UVT3R8TDBM;
				INFOPLIST_FILE = MovieCatalogTests/Info.plist;
				LD_RUNPATH_SEARCH_PATHS = (
					"$(inherited)",
					"@executable_path/Frameworks",
					"@loader_path/Frameworks",
				);
				PRODUCT_BUNDLE_IDENTIFIER = com.tds.MovieCatalogTests;
				PRODUCT_NAME = "$(TARGET_NAME)";
				SWIFT_VERSION = 5.0;
				TARGETED_DEVICE_FAMILY = "1,2";
				TEST_HOST = "$(BUILT_PRODUCTS_DIR)/Movie Catalog.app/Movie Catalog";
			};
			name = Debug;
		};
		99122E4825CC5272002BB5A0 /* Release */ = {
			isa = XCBuildConfiguration;
			buildSettings = {
				BUNDLE_LOADER = "$(TEST_HOST)";
				CODE_SIGN_STYLE = Automatic;
				DEVELOPMENT_TEAM = UVT3R8TDBM;
				INFOPLIST_FILE = MovieCatalogTests/Info.plist;
				LD_RUNPATH_SEARCH_PATHS = (
					"$(inherited)",
					"@executable_path/Frameworks",
					"@loader_path/Frameworks",
				);
				PRODUCT_BUNDLE_IDENTIFIER = com.tds.MovieCatalogTests;
				PRODUCT_NAME = "$(TARGET_NAME)";
				SWIFT_VERSION = 5.0;
				TARGETED_DEVICE_FAMILY = "1,2";
				TEST_HOST = "$(BUILT_PRODUCTS_DIR)/Movie Catalog.app/Movie Catalog";
			};
			name = Release;
		};
		99FD25F725C130D600A61932 /* Debug */ = {
			isa = XCBuildConfiguration;
			buildSettings = {
				ALWAYS_SEARCH_USER_PATHS = NO;
				CLANG_ANALYZER_NONNULL = YES;
				CLANG_ANALYZER_NUMBER_OBJECT_CONVERSION = YES_AGGRESSIVE;
				CLANG_CXX_LANGUAGE_STANDARD = "gnu++14";
				CLANG_CXX_LIBRARY = "libc++";
				CLANG_ENABLE_MODULES = YES;
				CLANG_ENABLE_OBJC_ARC = YES;
				CLANG_ENABLE_OBJC_WEAK = YES;
				CLANG_WARN_BLOCK_CAPTURE_AUTORELEASING = YES;
				CLANG_WARN_BOOL_CONVERSION = YES;
				CLANG_WARN_COMMA = YES;
				CLANG_WARN_CONSTANT_CONVERSION = YES;
				CLANG_WARN_DEPRECATED_OBJC_IMPLEMENTATIONS = YES;
				CLANG_WARN_DIRECT_OBJC_ISA_USAGE = YES_ERROR;
				CLANG_WARN_DOCUMENTATION_COMMENTS = YES;
				CLANG_WARN_EMPTY_BODY = YES;
				CLANG_WARN_ENUM_CONVERSION = YES;
				CLANG_WARN_INFINITE_RECURSION = YES;
				CLANG_WARN_INT_CONVERSION = YES;
				CLANG_WARN_NON_LITERAL_NULL_CONVERSION = YES;
				CLANG_WARN_OBJC_IMPLICIT_RETAIN_SELF = YES;
				CLANG_WARN_OBJC_LITERAL_CONVERSION = YES;
				CLANG_WARN_OBJC_ROOT_CLASS = YES_ERROR;
				CLANG_WARN_QUOTED_INCLUDE_IN_FRAMEWORK_HEADER = YES;
				CLANG_WARN_RANGE_LOOP_ANALYSIS = YES;
				CLANG_WARN_STRICT_PROTOTYPES = YES;
				CLANG_WARN_SUSPICIOUS_MOVE = YES;
				CLANG_WARN_UNGUARDED_AVAILABILITY = YES_AGGRESSIVE;
				CLANG_WARN_UNREACHABLE_CODE = YES;
				CLANG_WARN__DUPLICATE_METHOD_MATCH = YES;
				COPY_PHASE_STRIP = NO;
				DEBUG_INFORMATION_FORMAT = dwarf;
				ENABLE_STRICT_OBJC_MSGSEND = YES;
				ENABLE_TESTABILITY = YES;
				GCC_C_LANGUAGE_STANDARD = gnu11;
				GCC_DYNAMIC_NO_PIC = NO;
				GCC_NO_COMMON_BLOCKS = YES;
				GCC_OPTIMIZATION_LEVEL = 0;
				GCC_PREPROCESSOR_DEFINITIONS = (
					"DEBUG=1",
					"$(inherited)",
				);
				GCC_WARN_64_TO_32_BIT_CONVERSION = YES;
				GCC_WARN_ABOUT_RETURN_TYPE = YES_ERROR;
				GCC_WARN_UNDECLARED_SELECTOR = YES;
				GCC_WARN_UNINITIALIZED_AUTOS = YES_AGGRESSIVE;
				GCC_WARN_UNUSED_FUNCTION = YES;
				GCC_WARN_UNUSED_VARIABLE = YES;
				IPHONEOS_DEPLOYMENT_TARGET = 14.3;
				MTL_ENABLE_DEBUG_INFO = INCLUDE_SOURCE;
				MTL_FAST_MATH = YES;
				ONLY_ACTIVE_ARCH = YES;
				SDKROOT = iphoneos;
				SWIFT_ACTIVE_COMPILATION_CONDITIONS = DEBUG;
				SWIFT_OPTIMIZATION_LEVEL = "-Onone";
			};
			name = Debug;
		};
		99FD25F825C130D600A61932 /* Release */ = {
			isa = XCBuildConfiguration;
			buildSettings = {
				ALWAYS_SEARCH_USER_PATHS = NO;
				CLANG_ANALYZER_NONNULL = YES;
				CLANG_ANALYZER_NUMBER_OBJECT_CONVERSION = YES_AGGRESSIVE;
				CLANG_CXX_LANGUAGE_STANDARD = "gnu++14";
				CLANG_CXX_LIBRARY = "libc++";
				CLANG_ENABLE_MODULES = YES;
				CLANG_ENABLE_OBJC_ARC = YES;
				CLANG_ENABLE_OBJC_WEAK = YES;
				CLANG_WARN_BLOCK_CAPTURE_AUTORELEASING = YES;
				CLANG_WARN_BOOL_CONVERSION = YES;
				CLANG_WARN_COMMA = YES;
				CLANG_WARN_CONSTANT_CONVERSION = YES;
				CLANG_WARN_DEPRECATED_OBJC_IMPLEMENTATIONS = YES;
				CLANG_WARN_DIRECT_OBJC_ISA_USAGE = YES_ERROR;
				CLANG_WARN_DOCUMENTATION_COMMENTS = YES;
				CLANG_WARN_EMPTY_BODY = YES;
				CLANG_WARN_ENUM_CONVERSION = YES;
				CLANG_WARN_INFINITE_RECURSION = YES;
				CLANG_WARN_INT_CONVERSION = YES;
				CLANG_WARN_NON_LITERAL_NULL_CONVERSION = YES;
				CLANG_WARN_OBJC_IMPLICIT_RETAIN_SELF = YES;
				CLANG_WARN_OBJC_LITERAL_CONVERSION = YES;
				CLANG_WARN_OBJC_ROOT_CLASS = YES_ERROR;
				CLANG_WARN_QUOTED_INCLUDE_IN_FRAMEWORK_HEADER = YES;
				CLANG_WARN_RANGE_LOOP_ANALYSIS = YES;
				CLANG_WARN_STRICT_PROTOTYPES = YES;
				CLANG_WARN_SUSPICIOUS_MOVE = YES;
				CLANG_WARN_UNGUARDED_AVAILABILITY = YES_AGGRESSIVE;
				CLANG_WARN_UNREACHABLE_CODE = YES;
				CLANG_WARN__DUPLICATE_METHOD_MATCH = YES;
				COPY_PHASE_STRIP = NO;
				DEBUG_INFORMATION_FORMAT = "dwarf-with-dsym";
				ENABLE_NS_ASSERTIONS = NO;
				ENABLE_STRICT_OBJC_MSGSEND = YES;
				GCC_C_LANGUAGE_STANDARD = gnu11;
				GCC_NO_COMMON_BLOCKS = YES;
				GCC_WARN_64_TO_32_BIT_CONVERSION = YES;
				GCC_WARN_ABOUT_RETURN_TYPE = YES_ERROR;
				GCC_WARN_UNDECLARED_SELECTOR = YES;
				GCC_WARN_UNINITIALIZED_AUTOS = YES_AGGRESSIVE;
				GCC_WARN_UNUSED_FUNCTION = YES;
				GCC_WARN_UNUSED_VARIABLE = YES;
				IPHONEOS_DEPLOYMENT_TARGET = 14.3;
				MTL_ENABLE_DEBUG_INFO = NO;
				MTL_FAST_MATH = YES;
				SDKROOT = iphoneos;
				SWIFT_COMPILATION_MODE = wholemodule;
				SWIFT_OPTIMIZATION_LEVEL = "-O";
				VALIDATE_PRODUCT = YES;
			};
			name = Release;
		};
		99FD25FA25C130D600A61932 /* Debug */ = {
			isa = XCBuildConfiguration;
			buildSettings = {
				ASSETCATALOG_COMPILER_APPICON_NAME = AppIcon;
				ASSETCATALOG_COMPILER_GLOBAL_ACCENT_COLOR_NAME = AccentColor;
				CODE_SIGN_STYLE = Automatic;
				DEVELOPMENT_ASSET_PATHS = "\"Movie Catalog/Preview Content\"";
				DEVELOPMENT_TEAM = UVT3R8TDBM;
				ENABLE_PREVIEWS = YES;
				INFOPLIST_FILE = "Movie Catalog/Info.plist";
				IPHONEOS_DEPLOYMENT_TARGET = 14.0;
				LD_RUNPATH_SEARCH_PATHS = (
					"$(inherited)",
					"@executable_path/Frameworks",
				);
				PRODUCT_BUNDLE_IDENTIFIER = "com.rifqi.Movie-Catalog";
				PRODUCT_NAME = "$(TARGET_NAME)";
				SWIFT_VERSION = 5.0;
				TARGETED_DEVICE_FAMILY = "1,2";
			};
			name = Debug;
		};
		99FD25FB25C130D600A61932 /* Release */ = {
			isa = XCBuildConfiguration;
			buildSettings = {
				ASSETCATALOG_COMPILER_APPICON_NAME = AppIcon;
				ASSETCATALOG_COMPILER_GLOBAL_ACCENT_COLOR_NAME = AccentColor;
				CODE_SIGN_STYLE = Automatic;
				DEVELOPMENT_ASSET_PATHS = "\"Movie Catalog/Preview Content\"";
				DEVELOPMENT_TEAM = UVT3R8TDBM;
				ENABLE_PREVIEWS = YES;
				INFOPLIST_FILE = "Movie Catalog/Info.plist";
				IPHONEOS_DEPLOYMENT_TARGET = 14.0;
				LD_RUNPATH_SEARCH_PATHS = (
					"$(inherited)",
					"@executable_path/Frameworks",
				);
				PRODUCT_BUNDLE_IDENTIFIER = "com.rifqi.Movie-Catalog";
				PRODUCT_NAME = "$(TARGET_NAME)";
				SWIFT_VERSION = 5.0;
				TARGETED_DEVICE_FAMILY = "1,2";
			};
			name = Release;
		};
/* End XCBuildConfiguration section */

/* Begin XCConfigurationList section */
		99122E4925CC5272002BB5A0 /* Build configuration list for PBXNativeTarget "MovieCatalogTests" */ = {
			isa = XCConfigurationList;
			buildConfigurations = (
				99122E4725CC5272002BB5A0 /* Debug */,
				99122E4825CC5272002BB5A0 /* Release */,
			);
			defaultConfigurationIsVisible = 0;
			defaultConfigurationName = Release;
		};
		99FD25E525C130CD00A61932 /* Build configuration list for PBXProject "Movie Catalog" */ = {
			isa = XCConfigurationList;
			buildConfigurations = (
				99FD25F725C130D600A61932 /* Debug */,
				99FD25F825C130D600A61932 /* Release */,
			);
			defaultConfigurationIsVisible = 0;
			defaultConfigurationName = Release;
		};
		99FD25F925C130D600A61932 /* Build configuration list for PBXNativeTarget "Movie Catalog" */ = {
			isa = XCConfigurationList;
			buildConfigurations = (
				99FD25FA25C130D600A61932 /* Debug */,
				99FD25FB25C130D600A61932 /* Release */,
			);
			defaultConfigurationIsVisible = 0;
			defaultConfigurationName = Release;
		};
/* End XCConfigurationList section */

/* Begin XCRemoteSwiftPackageReference section */
		9982CD1725CF1DEB003E59B9 /* XCRemoteSwiftPackageReference "MovieCatalogUI" */ = {
			isa = XCRemoteSwiftPackageReference;
			repositoryURL = "https://github.com/rifqifadh/MovieCatalogUI.git";
			requirement = {
				kind = upToNextMajorVersion;
				minimumVersion = 0.0.2;
			};
		};
		9985F29B25C3DF1E00FBB3C2 /* XCRemoteSwiftPackageReference "SDWebImageSwiftUI" */ = {
			isa = XCRemoteSwiftPackageReference;
			repositoryURL = "https://github.com/SDWebImage/SDWebImageSwiftUI.git";
			requirement = {
				kind = upToNextMinorVersion;
				minimumVersion = 1.5.0;
			};
		};
/* End XCRemoteSwiftPackageReference section */

/* Begin XCSwiftPackageProductDependency section */
		991D417C25CE718900D91880 /* Home */ = {
			isa = XCSwiftPackageProductDependency;
			productName = Home;
		};
		991D418B25CEBCE700D91880 /* DetailMovie */ = {
			isa = XCSwiftPackageProductDependency;
			productName = DetailMovie;
		};
		991D419B25CEFA3700D91880 /* Favorite */ = {
			isa = XCSwiftPackageProductDependency;
			productName = Favorite;
		};
		997CC35F25C1437B0098ABA4 /* Core */ = {
			isa = XCSwiftPackageProductDependency;
			productName = Core;
		};
		9982CD1825CF1DEB003E59B9 /* MovieCatalogUI */ = {
			isa = XCSwiftPackageProductDependency;
			package = 9982CD1725CF1DEB003E59B9 /* XCRemoteSwiftPackageReference "MovieCatalogUI" */;
			productName = MovieCatalogUI;
		};
		9985F29C25C3DF1E00FBB3C2 /* SDWebImageSwiftUI */ = {
			isa = XCSwiftPackageProductDependency;
			package = 9985F29B25C3DF1E00FBB3C2 /* XCRemoteSwiftPackageReference "SDWebImageSwiftUI" */;
			productName = SDWebImageSwiftUI;
		};
/* End XCSwiftPackageProductDependency section */
	};
	rootObject = 99FD25E225C130CD00A61932 /* Project object */;
}
